{
  "version": 4,
  "terraform_version": "0.14.8",
  "serial": 3,
  "lineage": "15bea70c-f3ac-04b2-8368-df2cc108cb3c",
  "outputs": {
    "test": {
      "value": "2021-04-09T00-00",
      "type": "string"
    }
  },
  "resources": [
    {
      "mode": "managed",
      "type": "time_offset",
      "name": "tomorrow",
      "provider": "provider[\"registry.terraform.io/hashicorp/time\"]",
      "instances": [
        {
          "schema_version": 0,
          "attributes": {
            "base_rfc3339": "2021-04-08T11:40:05Z",
            "day": 9,
            "hour": 11,
            "id": "2021-04-08T11:40:05Z",
            "minute": 40,
            "month": 4,
            "offset_days": 1,
            "offset_hours": null,
            "offset_minutes": null,
            "offset_months": null,
            "offset_seconds": null,
            "offset_years": null,
            "rfc3339": "2021-04-09T11:40:05Z",
            "second": 5,
            "triggers": null,
            "unix": 1617968405,
            "year": 2021
          },
          "sensitive_attributes": [],
          "private": "bnVsbA=="
        }
      ]
    }
  ]
}
